
Microsoft Visual Studio Solution File, Format Version 12.00
# Visual Studio Version 17
VisualStudioVersion = 17.11.35219.272
MinimumVisualStudioVersion = 10.0.40219.1
Project("{FAE04EC0-301F-11D3-BF4B-00C04F79EFBC}") = "EventPlaces", "EventPlaces\EventPlaces.csproj", "{956FB4D3-8026-4861-BD1D-E77190C64E88}"
EndProject
Project("{FAE04EC0-301F-11D3-BF4B-00C04F79EFBC}") = "EventPlaces Api", "EventPlaces Api\EventPlaces Api.csproj", "{3B55EE04-B6A3-46CB-9972-A750EA8787E7}"
EndProject
Global
	GlobalSection(SolutionConfigurationPlatforms) = preSolution
		Debug|Any CPU = Debug|Any CPU
		Release|Any CPU = Release|Any CPU
	EndGlobalSection
	GlobalSection(ProjectConfigurationPlatforms) = postSolution
		{956FB4D3-8026-4861-BD1D-E77190C64E88}.Debug|Any CPU.ActiveCfg = Debug|Any CPU
		{956FB4D3-8026-4861-BD1D-E77190C64E88}.Debug|Any CPU.Build.0 = Debug|Any CPU
		{956FB4D3-8026-4861-BD1D-E77190C64E88}.Debug|Any CPU.Deploy.0 = Debug|Any CPU
		{956FB4D3-8026-4861-BD1D-E77190C64E88}.Release|Any CPU.ActiveCfg = Release|Any CPU
		{956FB4D3-8026-4861-BD1D-E77190C64E88}.Release|Any CPU.Build.0 = Release|Any CPU
		{956FB4D3-8026-4861-BD1D-E77190C64E88}.Release|Any CPU.Deploy.0 = Release|Any CPU
		{3B55EE04-B6A3-46CB-9972-A750EA8787E7}.Debug|Any CPU.ActiveCfg = Debug|Any CPU
		{3B55EE04-B6A3-46CB-9972-A750EA8787E7}.Debug|Any CPU.Build.0 = Debug|Any CPU
		{3B55EE04-B6A3-46CB-9972-A750EA8787E7}.Release|Any CPU.ActiveCfg = Release|Any CPU
		{3B55EE04-B6A3-46CB-9972-A750EA8787E7}.Release|Any CPU.Build.0 = Release|Any CPU
	EndGlobalSection
	GlobalSection(SolutionProperties) = preSolution
		HideSolutionNode = FALSE
	EndGlobalSection
	GlobalSection(ExtensibilityGlobals) = postSolution
		SolutionGuid = {54A11436-91C4-4B19-8474-255CBE8E086E}
	EndGlobalSection
EndGlobal
